
Microsoft Visual Studio Solution File, Format Version 12.00
# Visual Studio Version 17
VisualStudioVersion = 17.3.32819.101
MinimumVisualStudioVersion = 10.0.40219.1
Project("{FAE04EC0-301F-11D3-BF4B-00C04F79EFBC}") = "SQLDataToObject", "SQLDataToObject\SQLDataToObject.csproj", "{52B4ABDA-1D5B-4797-AE9A-12AC4BAD0FA9}"
EndProject
Global
	GlobalSection(SolutionConfigurationPlatforms) = preSolution
		Debug|Any CPU = Debug|Any CPU
		Release|Any CPU = Release|Any CPU
	EndGlobalSection
	GlobalSection(ProjectConfigurationPlatforms) = postSolution
		{52B4ABDA-1D5B-4797-AE9A-12AC4BAD0FA9}.Debug|Any CPU.ActiveCfg = Debug|Any CPU
		{52B4ABDA-1D5B-4797-AE9A-12AC4BAD0FA9}.Debug|Any CPU.Build.0 = Debug|Any CPU
		{52B4ABDA-1D5B-4797-AE9A-12AC4BAD0FA9}.Release|Any CPU.ActiveCfg = Release|Any CPU
		{52B4ABDA-1D5B-4797-AE9A-12AC4BAD0FA9}.Release|Any CPU.Build.0 = Release|Any CPU
	EndGlobalSection
	GlobalSection(SolutionProperties) = preSolution
		HideSolutionNode = FALSE
	EndGlobalSection
	GlobalSection(ExtensibilityGlobals) = postSolution
		SolutionGuid = {CF49458C-8CFE-4301-B2A8-2A8B1EEDE591}
	EndGlobalSection
EndGlobal
